// !$*UTF8*$!
{
	archiveVersion = 1;
	classes = {
	};
	objectVersion = 52;
	objects = {

/* Begin PBXBuildFile section */
		1852D2F425301CC600F160EA /* FamilyRow.swift in Sources */ = {isa = PBXBuildFile; fileRef = 1852D2F325301CC600F160EA /* FamilyRow.swift */; };
		1852D2F9253048BF00F160EA /* FamilyList.swift in Sources */ = {isa = PBXBuildFile; fileRef = 1852D2F8253048BF00F160EA /* FamilyList.swift */; };
		1852D2FF2530490100F160EA /* FamilyListViewModel.swift in Sources */ = {isa = PBXBuildFile; fileRef = 1852D2FE2530490100F160EA /* FamilyListViewModel.swift */; };
		18541CE1252AC19F0058A4D9 /* AppDelegate.swift in Sources */ = {isa = PBXBuildFile; fileRef = 18541CE0252AC19F0058A4D9 /* AppDelegate.swift */; };
		18541CE3252AC19F0058A4D9 /* SceneDelegate.swift in Sources */ = {isa = PBXBuildFile; fileRef = 18541CE2252AC19F0058A4D9 /* SceneDelegate.swift */; };
		18541CE5252AC19F0058A4D9 /* ContentView.swift in Sources */ = {isa = PBXBuildFile; fileRef = 18541CE4252AC19F0058A4D9 /* ContentView.swift */; };
		18541CE7252AC1A00058A4D9 /* Assets.xcassets in Resources */ = {isa = PBXBuildFile; fileRef = 18541CE6252AC1A00058A4D9 /* Assets.xcassets */; };
		18541CEA252AC1A00058A4D9 /* Preview Assets.xcassets in Resources */ = {isa = PBXBuildFile; fileRef = 18541CE9252AC1A00058A4D9 /* Preview Assets.xcassets */; };
		18541CED252AC1A00058A4D9 /* LaunchScreen.storyboard in Resources */ = {isa = PBXBuildFile; fileRef = 18541CEB252AC1A00058A4D9 /* LaunchScreen.storyboard */; };
		18541CF8252AC1A10058A4D9 /* MySwiftUI_MVVMTests.swift in Sources */ = {isa = PBXBuildFile; fileRef = 18541CF7252AC1A10058A4D9 /* MySwiftUI_MVVMTests.swift */; };
		18541D03252AC1A10058A4D9 /* MySwiftUI_MVVMUITests.swift in Sources */ = {isa = PBXBuildFile; fileRef = 18541D02252AC1A10058A4D9 /* MySwiftUI_MVVMUITests.swift */; };
		18541D1E252AD4480058A4D9 /* MemberDetailView.swift in Sources */ = {isa = PBXBuildFile; fileRef = 18541D1D252AD4480058A4D9 /* MemberDetailView.swift */; };
		18541D28252AD75B0058A4D9 /* CircleImage.swift in Sources */ = {isa = PBXBuildFile; fileRef = 18541D27252AD75B0058A4D9 /* CircleImage.swift */; };
		18887167252EB6BC00FDD77D /* Authenticate.swift in Sources */ = {isa = PBXBuildFile; fileRef = 18887166252EB6BC00FDD77D /* Authenticate.swift */; };
		18887175252EE4C700FDD77D /* DialogView.swift in Sources */ = {isa = PBXBuildFile; fileRef = 18887174252EE4C700FDD77D /* DialogView.swift */; };
		1888717B252EEA4100FDD77D /* ModalView.swift in Sources */ = {isa = PBXBuildFile; fileRef = 1888717A252EEA4100FDD77D /* ModalView.swift */; };
		188F85A8252B2167006660DB /* Kanit-Regular.ttf in Resources */ = {isa = PBXBuildFile; fileRef = 188F85A5252B2166006660DB /* Kanit-Regular.ttf */; };
		188F85A9252B2167006660DB /* Kanit-Medium.ttf in Resources */ = {isa = PBXBuildFile; fileRef = 188F85A6252B2167006660DB /* Kanit-Medium.ttf */; };
		188F85AA252B2167006660DB /* Kanit-Light.ttf in Resources */ = {isa = PBXBuildFile; fileRef = 188F85A7252B2167006660DB /* Kanit-Light.ttf */; };
		188F85B0252B21FF006660DB /* Constants.swift in Sources */ = {isa = PBXBuildFile; fileRef = 188F85AF252B21FF006660DB /* Constants.swift */; };
		188F85B8252C08FE006660DB /* SocialButton.swift in Sources */ = {isa = PBXBuildFile; fileRef = 188F85B7252C08FE006660DB /* SocialButton.swift */; };
		188F85FD252C528D006660DB /* Person.swift in Sources */ = {isa = PBXBuildFile; fileRef = 188F85FC252C528D006660DB /* Person.swift */; };
		188F8605252C539E006660DB /* BusinessUtils.swift in Sources */ = {isa = PBXBuildFile; fileRef = 188F8604252C539E006660DB /* BusinessUtils.swift */; };
		188F860B252C6937006660DB /* Necromancer in Frameworks */ = {isa = PBXBuildFile; productRef = 188F860A252C6937006660DB /* Necromancer */; };
		188F8612252C6E99006660DB /* ApiConfig.swift in Sources */ = {isa = PBXBuildFile; fileRef = 188F8610252C6E99006660DB /* ApiConfig.swift */; };
		188F8619252C7002006660DB /* GenericResponse.swift in Sources */ = {isa = PBXBuildFile; fileRef = 188F8616252C7002006660DB /* GenericResponse.swift */; };
		188F861A252C7002006660DB /* ErrorResponse.swift in Sources */ = {isa = PBXBuildFile; fileRef = 188F8617252C7002006660DB /* ErrorResponse.swift */; };
		188F861B252C7002006660DB /* GenericRequest.swift in Sources */ = {isa = PBXBuildFile; fileRef = 188F8618252C7002006660DB /* GenericRequest.swift */; };
		188F8620252C70B2006660DB /* Repository.swift in Sources */ = {isa = PBXBuildFile; fileRef = 188F861F252C70B2006660DB /* Repository.swift */; };
		188F8627252C72E9006660DB /* PROD.release.xcconfig in Resources */ = {isa = PBXBuildFile; fileRef = 188F8625252C72E9006660DB /* PROD.release.xcconfig */; };
		188F8628252C72E9006660DB /* DEV.debug.xcconfig in Resources */ = {isa = PBXBuildFile; fileRef = 188F8626252C72E9006660DB /* DEV.debug.xcconfig */; };
		188F863E252D75E9006660DB /* ApiManager.swift in Sources */ = {isa = PBXBuildFile; fileRef = 188F863D252D75E9006660DB /* ApiManager.swift */; };
		188F8643252D9C32006660DB /* MemberDetailViewModel.swift in Sources */ = {isa = PBXBuildFile; fileRef = 188F8642252D9C32006660DB /* MemberDetailViewModel.swift */; };
		188F864D252D9F70006660DB /* ApiError.swift in Sources */ = {isa = PBXBuildFile; fileRef = 188F864C252D9F70006660DB /* ApiError.swift */; };
		188F8655252E9AC6006660DB /* UnidirectionalDataFlowType.swift in Sources */ = {isa = PBXBuildFile; fileRef = 188F8654252E9AC5006660DB /* UnidirectionalDataFlowType.swift */; };
/* End PBXBuildFile section */

/* Begin PBXContainerItemProxy section */
		18541CF4252AC1A10058A4D9 /* PBXContainerItemProxy */ = {
			isa = PBXContainerItemProxy;
			containerPortal = 18541CD5252AC19F0058A4D9 /* Project object */;
			proxyType = 1;
			remoteGlobalIDString = 18541CDC252AC19F0058A4D9;
			remoteInfo = "MySwiftUI-MVVM";
		};
		18541CFF252AC1A10058A4D9 /* PBXContainerItemProxy */ = {
			isa = PBXContainerItemProxy;
			containerPortal = 18541CD5252AC19F0058A4D9 /* Project object */;
			proxyType = 1;
			remoteGlobalIDString = 18541CDC252AC19F0058A4D9;
			remoteInfo = "MySwiftUI-MVVM";
		};
/* End PBXContainerItemProxy section */

/* Begin PBXFileReference section */
		1852D2F325301CC600F160EA /* FamilyRow.swift */ = {isa = PBXFileReference; lastKnownFileType = sourcecode.swift; path = FamilyRow.swift; sourceTree = "<group>"; };
		1852D2F8253048BF00F160EA /* FamilyList.swift */ = {isa = PBXFileReference; lastKnownFileType = sourcecode.swift; path = FamilyList.swift; sourceTree = "<group>"; };
		1852D2FE2530490100F160EA /* FamilyListViewModel.swift */ = {isa = PBXFileReference; lastKnownFileType = sourcecode.swift; path = FamilyListViewModel.swift; sourceTree = "<group>"; };
		18541CDD252AC19F0058A4D9 /* MySwiftUI-MVVM.app */ = {isa = PBXFileReference; explicitFileType = wrapper.application; includeInIndex = 0; path = "MySwiftUI-MVVM.app"; sourceTree = BUILT_PRODUCTS_DIR; };
		18541CE0252AC19F0058A4D9 /* AppDelegate.swift */ = {isa = PBXFileReference; lastKnownFileType = sourcecode.swift; path = AppDelegate.swift; sourceTree = "<group>"; };
		18541CE2252AC19F0058A4D9 /* SceneDelegate.swift */ = {isa = PBXFileReference; lastKnownFileType = sourcecode.swift; path = SceneDelegate.swift; sourceTree = "<group>"; };
		18541CE4252AC19F0058A4D9 /* ContentView.swift */ = {isa = PBXFileReference; lastKnownFileType = sourcecode.swift; path = ContentView.swift; sourceTree = "<group>"; };
		18541CE6252AC1A00058A4D9 /* Assets.xcassets */ = {isa = PBXFileReference; lastKnownFileType = folder.assetcatalog; path = Assets.xcassets; sourceTree = "<group>"; };
		18541CE9252AC1A00058A4D9 /* Preview Assets.xcassets */ = {isa = PBXFileReference; lastKnownFileType = folder.assetcatalog; path = "Preview Assets.xcassets"; sourceTree = "<group>"; };
		18541CEC252AC1A00058A4D9 /* Base */ = {isa = PBXFileReference; lastKnownFileType = file.storyboard; name = Base; path = Base.lproj/LaunchScreen.storyboard; sourceTree = "<group>"; };
		18541CEE252AC1A00058A4D9 /* Info.plist */ = {isa = PBXFileReference; lastKnownFileType = text.plist.xml; path = Info.plist; sourceTree = "<group>"; };
		18541CF3252AC1A10058A4D9 /* MySwiftUI-MVVMTests.xctest */ = {isa = PBXFileReference; explicitFileType = wrapper.cfbundle; includeInIndex = 0; path = "MySwiftUI-MVVMTests.xctest"; sourceTree = BUILT_PRODUCTS_DIR; };
		18541CF7252AC1A10058A4D9 /* MySwiftUI_MVVMTests.swift */ = {isa = PBXFileReference; lastKnownFileType = sourcecode.swift; path = MySwiftUI_MVVMTests.swift; sourceTree = "<group>"; };
		18541CF9252AC1A10058A4D9 /* Info.plist */ = {isa = PBXFileReference; lastKnownFileType = text.plist.xml; path = Info.plist; sourceTree = "<group>"; };
		18541CFE252AC1A10058A4D9 /* MySwiftUI-MVVMUITests.xctest */ = {isa = PBXFileReference; explicitFileType = wrapper.cfbundle; includeInIndex = 0; path = "MySwiftUI-MVVMUITests.xctest"; sourceTree = BUILT_PRODUCTS_DIR; };
		18541D02252AC1A10058A4D9 /* MySwiftUI_MVVMUITests.swift */ = {isa = PBXFileReference; lastKnownFileType = sourcecode.swift; path = MySwiftUI_MVVMUITests.swift; sourceTree = "<group>"; };
		18541D04252AC1A10058A4D9 /* Info.plist */ = {isa = PBXFileReference; lastKnownFileType = text.plist.xml; path = Info.plist; sourceTree = "<group>"; };
		18541D1D252AD4480058A4D9 /* MemberDetailView.swift */ = {isa = PBXFileReference; lastKnownFileType = sourcecode.swift; path = MemberDetailView.swift; sourceTree = "<group>"; };
		18541D27252AD75B0058A4D9 /* CircleImage.swift */ = {isa = PBXFileReference; lastKnownFileType = sourcecode.swift; path = CircleImage.swift; sourceTree = "<group>"; };
		18887166252EB6BC00FDD77D /* Authenticate.swift */ = {isa = PBXFileReference; lastKnownFileType = sourcecode.swift; path = Authenticate.swift; sourceTree = "<group>"; };
		18887174252EE4C700FDD77D /* DialogView.swift */ = {isa = PBXFileReference; lastKnownFileType = sourcecode.swift; path = DialogView.swift; sourceTree = "<group>"; };
		1888717A252EEA4100FDD77D /* ModalView.swift */ = {isa = PBXFileReference; lastKnownFileType = sourcecode.swift; path = ModalView.swift; sourceTree = "<group>"; };
		188F85A5252B2166006660DB /* Kanit-Regular.ttf */ = {isa = PBXFileReference; lastKnownFileType = file; path = "Kanit-Regular.ttf"; sourceTree = "<group>"; };
		188F85A6252B2167006660DB /* Kanit-Medium.ttf */ = {isa = PBXFileReference; lastKnownFileType = file; path = "Kanit-Medium.ttf"; sourceTree = "<group>"; };
		188F85A7252B2167006660DB /* Kanit-Light.ttf */ = {isa = PBXFileReference; lastKnownFileType = file; path = "Kanit-Light.ttf"; sourceTree = "<group>"; };
		188F85AF252B21FF006660DB /* Constants.swift */ = {isa = PBXFileReference; lastKnownFileType = sourcecode.swift; path = Constants.swift; sourceTree = "<group>"; };
		188F85B7252C08FE006660DB /* SocialButton.swift */ = {isa = PBXFileReference; lastKnownFileType = sourcecode.swift; path = SocialButton.swift; sourceTree = "<group>"; };
		188F85FC252C528D006660DB /* Person.swift */ = {isa = PBXFileReference; lastKnownFileType = sourcecode.swift; path = Person.swift; sourceTree = "<group>"; };
		188F8604252C539E006660DB /* BusinessUtils.swift */ = {isa = PBXFileReference; lastKnownFileType = sourcecode.swift; path = BusinessUtils.swift; sourceTree = "<group>"; };
		188F8610252C6E99006660DB /* ApiConfig.swift */ = {isa = PBXFileReference; fileEncoding = 4; lastKnownFileType = sourcecode.swift; path = ApiConfig.swift; sourceTree = "<group>"; };
		188F8616252C7002006660DB /* GenericResponse.swift */ = {isa = PBXFileReference; fileEncoding = 4; lastKnownFileType = sourcecode.swift; path = GenericResponse.swift; sourceTree = "<group>"; };
		188F8617252C7002006660DB /* ErrorResponse.swift */ = {isa = PBXFileReference; fileEncoding = 4; lastKnownFileType = sourcecode.swift; path = ErrorResponse.swift; sourceTree = "<group>"; };
		188F8618252C7002006660DB /* GenericRequest.swift */ = {isa = PBXFileReference; fileEncoding = 4; lastKnownFileType = sourcecode.swift; path = GenericRequest.swift; sourceTree = "<group>"; };
		188F861F252C70B2006660DB /* Repository.swift */ = {isa = PBXFileReference; lastKnownFileType = sourcecode.swift; path = Repository.swift; sourceTree = "<group>"; };
		188F8625252C72E9006660DB /* PROD.release.xcconfig */ = {isa = PBXFileReference; fileEncoding = 4; lastKnownFileType = text.xcconfig; path = PROD.release.xcconfig; sourceTree = "<group>"; };
		188F8626252C72E9006660DB /* DEV.debug.xcconfig */ = {isa = PBXFileReference; fileEncoding = 4; lastKnownFileType = text.xcconfig; path = DEV.debug.xcconfig; sourceTree = "<group>"; };
		188F863D252D75E9006660DB /* ApiManager.swift */ = {isa = PBXFileReference; lastKnownFileType = sourcecode.swift; path = ApiManager.swift; sourceTree = "<group>"; };
		188F8642252D9C32006660DB /* MemberDetailViewModel.swift */ = {isa = PBXFileReference; lastKnownFileType = sourcecode.swift; path = MemberDetailViewModel.swift; sourceTree = "<group>"; };
		188F864C252D9F70006660DB /* ApiError.swift */ = {isa = PBXFileReference; fileEncoding = 4; lastKnownFileType = sourcecode.swift; path = ApiError.swift; sourceTree = "<group>"; };
		188F8654252E9AC5006660DB /* UnidirectionalDataFlowType.swift */ = {isa = PBXFileReference; fileEncoding = 4; lastKnownFileType = sourcecode.swift; path = UnidirectionalDataFlowType.swift; sourceTree = "<group>"; };
/* End PBXFileReference section */

/* Begin PBXFrameworksBuildPhase section */
		18541CDA252AC19F0058A4D9 /* Frameworks */ = {
			isa = PBXFrameworksBuildPhase;
			buildActionMask = 2147483647;
			files = (
				188F860B252C6937006660DB /* Necromancer in Frameworks */,
			);
			runOnlyForDeploymentPostprocessing = 0;
		};
		18541CF0252AC1A10058A4D9 /* Frameworks */ = {
			isa = PBXFrameworksBuildPhase;
			buildActionMask = 2147483647;
			files = (
			);
			runOnlyForDeploymentPostprocessing = 0;
		};
		18541CFB252AC1A10058A4D9 /* Frameworks */ = {
			isa = PBXFrameworksBuildPhase;
			buildActionMask = 2147483647;
			files = (
			);
			runOnlyForDeploymentPostprocessing = 0;
		};
/* End PBXFrameworksBuildPhase section */

/* Begin PBXGroup section */
		18541CD4252AC19F0058A4D9 = {
			isa = PBXGroup;
			children = (
				18541CDF252AC19F0058A4D9 /* MySwiftUI-MVVM */,
				18541CF6252AC1A10058A4D9 /* MySwiftUI-MVVMTests */,
				18541D01252AC1A10058A4D9 /* MySwiftUI-MVVMUITests */,
				18541CDE252AC19F0058A4D9 /* Products */,
			);
			sourceTree = "<group>";
		};
		18541CDE252AC19F0058A4D9 /* Products */ = {
			isa = PBXGroup;
			children = (
				18541CDD252AC19F0058A4D9 /* MySwiftUI-MVVM.app */,
				18541CF3252AC1A10058A4D9 /* MySwiftUI-MVVMTests.xctest */,
				18541CFE252AC1A10058A4D9 /* MySwiftUI-MVVMUITests.xctest */,
			);
			name = Products;
			sourceTree = "<group>";
		};
		18541CDF252AC19F0058A4D9 /* MySwiftUI-MVVM */ = {
			isa = PBXGroup;
			children = (
				188F8659252E9D77006660DB /* Apps */,
				188F85AE252B21EE006660DB /* Utils */,
				188F85A3252B20F2006660DB /* Supporting Files */,
				18541D26252AD7020058A4D9 /* Supporting Views */,
				18541CEE252AC1A00058A4D9 /* Info.plist */,
				18541CE6252AC1A00058A4D9 /* Assets.xcassets */,
				18541CEB252AC1A00058A4D9 /* LaunchScreen.storyboard */,
				18541D13252AC1B20058A4D9 /* Model */,
				18541CE8252AC1A00058A4D9 /* Preview Content */,
				18541D14252AC1BD0058A4D9 /* View */,
				18541D15252AC1C20058A4D9 /* ViewModel */,
			);
			path = "MySwiftUI-MVVM";
			sourceTree = "<group>";
		};
		18541CE8252AC1A00058A4D9 /* Preview Content */ = {
			isa = PBXGroup;
			children = (
				18541CE9252AC1A00058A4D9 /* Preview Assets.xcassets */,
			);
			path = "Preview Content";
			sourceTree = "<group>";
		};
		18541CF6252AC1A10058A4D9 /* MySwiftUI-MVVMTests */ = {
			isa = PBXGroup;
			children = (
				18541CF7252AC1A10058A4D9 /* MySwiftUI_MVVMTests.swift */,
				18541CF9252AC1A10058A4D9 /* Info.plist */,
			);
			path = "MySwiftUI-MVVMTests";
			sourceTree = "<group>";
		};
		18541D01252AC1A10058A4D9 /* MySwiftUI-MVVMUITests */ = {
			isa = PBXGroup;
			children = (
				18541D02252AC1A10058A4D9 /* MySwiftUI_MVVMUITests.swift */,
				18541D04252AC1A10058A4D9 /* Info.plist */,
			);
			path = "MySwiftUI-MVVMUITests";
			sourceTree = "<group>";
		};
		18541D13252AC1B20058A4D9 /* Model */ = {
			isa = PBXGroup;
			children = (
				188F863C252D73D9006660DB /* Api */,
				188F85FB252C5278006660DB /* Remotes */,
				188F861F252C70B2006660DB /* Repository.swift */,
			);
			path = Model;
			sourceTree = "<group>";
		};
		18541D14252AC1BD0058A4D9 /* View */ = {
			isa = PBXGroup;
			children = (
				18541D1C252AD3A50058A4D9 /* Person */,
				18541D19252ACB7D0058A4D9 /* FamilyList */,
				18541CE4252AC19F0058A4D9 /* ContentView.swift */,
			);
			path = View;
			sourceTree = "<group>";
		};
		18541D15252AC1C20058A4D9 /* ViewModel */ = {
			isa = PBXGroup;
			children = (
				188F8654252E9AC5006660DB /* UnidirectionalDataFlowType.swift */,
				188F8642252D9C32006660DB /* MemberDetailViewModel.swift */,
				1852D2FE2530490100F160EA /* FamilyListViewModel.swift */,
			);
			path = ViewModel;
			sourceTree = "<group>";
		};
		18541D19252ACB7D0058A4D9 /* FamilyList */ = {
			isa = PBXGroup;
			children = (
				1852D2F325301CC600F160EA /* FamilyRow.swift */,
				1852D2F8253048BF00F160EA /* FamilyList.swift */,
			);
			path = FamilyList;
			sourceTree = "<group>";
		};
		18541D1C252AD3A50058A4D9 /* Person */ = {
			isa = PBXGroup;
			children = (
				18541D1D252AD4480058A4D9 /* MemberDetailView.swift */,
			);
			path = Person;
			sourceTree = "<group>";
		};
		18541D26252AD7020058A4D9 /* Supporting Views */ = {
			isa = PBXGroup;
			children = (
				18887179252EEA1F00FDD77D /* Dialog */,
				18541D27252AD75B0058A4D9 /* CircleImage.swift */,
				188F85B7252C08FE006660DB /* SocialButton.swift */,
			);
			path = "Supporting Views";
			sourceTree = "<group>";
		};
		18887165252EB6A400FDD77D /* Authentication */ = {
			isa = PBXGroup;
			children = (
				18887166252EB6BC00FDD77D /* Authenticate.swift */,
			);
			path = Authentication;
			sourceTree = "<group>";
		};
		18887179252EEA1F00FDD77D /* Dialog */ = {
			isa = PBXGroup;
			children = (
				18887185252EEAD500FDD77D /* Configs */,
				18887174252EE4C700FDD77D /* DialogView.swift */,
				1888717A252EEA4100FDD77D /* ModalView.swift */,
			);
			path = Dialog;
			sourceTree = "<group>";
		};
		18887185252EEAD500FDD77D /* Configs */ = {
			isa = PBXGroup;
			children = (
			);
			path = Configs;
			sourceTree = "<group>";
		};
		18887192252EEBBE00FDD77D /* Person */ = {
			isa = PBXGroup;
			children = (
				188F85FC252C528D006660DB /* Person.swift */,
			);
			path = Person;
			sourceTree = "<group>";
		};
		18887193252EEBCC00FDD77D /* Wrapper */ = {
			isa = PBXGroup;
			children = (
				188F8617252C7002006660DB /* ErrorResponse.swift */,
				188F8618252C7002006660DB /* GenericRequest.swift */,
				188F8616252C7002006660DB /* GenericResponse.swift */,
			);
			path = Wrapper;
			sourceTree = "<group>";
		};
		188F85A3252B20F2006660DB /* Supporting Files */ = {
			isa = PBXGroup;
			children = (
				188F8624252C72CA006660DB /* Configs */,
				188F85A4252B20FB006660DB /* Fonts */,
			);
			path = "Supporting Files";
			sourceTree = "<group>";
		};
		188F85A4252B20FB006660DB /* Fonts */ = {
			isa = PBXGroup;
			children = (
				188F85A7252B2167006660DB /* Kanit-Light.ttf */,
				188F85A6252B2167006660DB /* Kanit-Medium.ttf */,
				188F85A5252B2166006660DB /* Kanit-Regular.ttf */,
			);
			path = Fonts;
			sourceTree = "<group>";
		};
		188F85AE252B21EE006660DB /* Utils */ = {
			isa = PBXGroup;
			children = (
				188F85AF252B21FF006660DB /* Constants.swift */,
				188F8604252C539E006660DB /* BusinessUtils.swift */,
			);
			path = Utils;
			sourceTree = "<group>";
		};
		188F85FB252C5278006660DB /* Remotes */ = {
			isa = PBXGroup;
			children = (
				18887193252EEBCC00FDD77D /* Wrapper */,
				18887192252EEBBE00FDD77D /* Person */,
				18887165252EB6A400FDD77D /* Authentication */,
			);
			path = Remotes;
			sourceTree = "<group>";
		};
		188F8624252C72CA006660DB /* Configs */ = {
			isa = PBXGroup;
			children = (
				188F8626252C72E9006660DB /* DEV.debug.xcconfig */,
				188F8625252C72E9006660DB /* PROD.release.xcconfig */,
			);
			path = Configs;
			sourceTree = "<group>";
		};
		188F863C252D73D9006660DB /* Api */ = {
			isa = PBXGroup;
			children = (
				188F8610252C6E99006660DB /* ApiConfig.swift */,
				188F864C252D9F70006660DB /* ApiError.swift */,
				188F863D252D75E9006660DB /* ApiManager.swift */,
			);
			path = Api;
			sourceTree = "<group>";
		};
		188F8659252E9D77006660DB /* Apps */ = {
			isa = PBXGroup;
			children = (
				18541CE0252AC19F0058A4D9 /* AppDelegate.swift */,
				18541CE2252AC19F0058A4D9 /* SceneDelegate.swift */,
			);
			path = Apps;
			sourceTree = "<group>";
		};
/* End PBXGroup section */

/* Begin PBXNativeTarget section */
		18541CDC252AC19F0058A4D9 /* MySwiftUI-MVVM */ = {
			isa = PBXNativeTarget;
			buildConfigurationList = 18541D07252AC1A10058A4D9 /* Build configuration list for PBXNativeTarget "MySwiftUI-MVVM" */;
			buildPhases = (
				18541CD9252AC19F0058A4D9 /* Sources */,
				18541CDA252AC19F0058A4D9 /* Frameworks */,
				18541CDB252AC19F0058A4D9 /* Resources */,
			);
			buildRules = (
			);
			dependencies = (
			);
			name = "MySwiftUI-MVVM";
			packageProductDependencies = (
				188F860A252C6937006660DB /* Necromancer */,
			);
			productName = "MySwiftUI-MVVM";
			productReference = 18541CDD252AC19F0058A4D9 /* MySwiftUI-MVVM.app */;
			productType = "com.apple.product-type.application";
		};
		18541CF2252AC1A10058A4D9 /* MySwiftUI-MVVMTests */ = {
			isa = PBXNativeTarget;
			buildConfigurationList = 18541D0A252AC1A10058A4D9 /* Build configuration list for PBXNativeTarget "MySwiftUI-MVVMTests" */;
			buildPhases = (
				18541CEF252AC1A10058A4D9 /* Sources */,
				18541CF0252AC1A10058A4D9 /* Frameworks */,
				18541CF1252AC1A10058A4D9 /* Resources */,
			);
			buildRules = (
			);
			dependencies = (
				18541CF5252AC1A10058A4D9 /* PBXTargetDependency */,
			);
			name = "MySwiftUI-MVVMTests";
			productName = "MySwiftUI-MVVMTests";
			productReference = 18541CF3252AC1A10058A4D9 /* MySwiftUI-MVVMTests.xctest */;
			productType = "com.apple.product-type.bundle.unit-test";
		};
		18541CFD252AC1A10058A4D9 /* MySwiftUI-MVVMUITests */ = {
			isa = PBXNativeTarget;
			buildConfigurationList = 18541D0D252AC1A10058A4D9 /* Build configuration list for PBXNativeTarget "MySwiftUI-MVVMUITests" */;
			buildPhases = (
				18541CFA252AC1A10058A4D9 /* Sources */,
				18541CFB252AC1A10058A4D9 /* Frameworks */,
				18541CFC252AC1A10058A4D9 /* Resources */,
			);
			buildRules = (
			);
			dependencies = (
				18541D00252AC1A10058A4D9 /* PBXTargetDependency */,
			);
			name = "MySwiftUI-MVVMUITests";
			productName = "MySwiftUI-MVVMUITests";
			productReference = 18541CFE252AC1A10058A4D9 /* MySwiftUI-MVVMUITests.xctest */;
			productType = "com.apple.product-type.bundle.ui-testing";
		};
/* End PBXNativeTarget section */

/* Begin PBXProject section */
		18541CD5252AC19F0058A4D9 /* Project object */ = {
			isa = PBXProject;
			attributes = {
				LastSwiftUpdateCheck = 1200;
				LastUpgradeCheck = 1200;
				TargetAttributes = {
					18541CDC252AC19F0058A4D9 = {
						CreatedOnToolsVersion = 12.0.1;
					};
					18541CF2252AC1A10058A4D9 = {
						CreatedOnToolsVersion = 12.0.1;
						TestTargetID = 18541CDC252AC19F0058A4D9;
					};
					18541CFD252AC1A10058A4D9 = {
						CreatedOnToolsVersion = 12.0.1;
						TestTargetID = 18541CDC252AC19F0058A4D9;
					};
				};
			};
			buildConfigurationList = 18541CD8252AC19F0058A4D9 /* Build configuration list for PBXProject "MySwiftUI-MVVM" */;
			compatibilityVersion = "Xcode 9.3";
			developmentRegion = en;
			hasScannedForEncodings = 0;
			knownRegions = (
				en,
				Base,
			);
			mainGroup = 18541CD4252AC19F0058A4D9;
			packageReferences = (
				188F8609252C6937006660DB /* XCRemoteSwiftPackageReference "necromancer" */,
			);
			productRefGroup = 18541CDE252AC19F0058A4D9 /* Products */;
			projectDirPath = "";
			projectRoot = "";
			targets = (
				18541CDC252AC19F0058A4D9 /* MySwiftUI-MVVM */,
				18541CF2252AC1A10058A4D9 /* MySwiftUI-MVVMTests */,
				18541CFD252AC1A10058A4D9 /* MySwiftUI-MVVMUITests */,
			);
		};
/* End PBXProject section */

/* Begin PBXResourcesBuildPhase section */
		18541CDB252AC19F0058A4D9 /* Resources */ = {
			isa = PBXResourcesBuildPhase;
			buildActionMask = 2147483647;
			files = (
				18541CED252AC1A00058A4D9 /* LaunchScreen.storyboard in Resources */,
				188F8627252C72E9006660DB /* PROD.release.xcconfig in Resources */,
				188F85AA252B2167006660DB /* Kanit-Light.ttf in Resources */,
				18541CEA252AC1A00058A4D9 /* Preview Assets.xcassets in Resources */,
				188F85A9252B2167006660DB /* Kanit-Medium.ttf in Resources */,
				188F8628252C72E9006660DB /* DEV.debug.xcconfig in Resources */,
				18541CE7252AC1A00058A4D9 /* Assets.xcassets in Resources */,
				188F85A8252B2167006660DB /* Kanit-Regular.ttf in Resources */,
			);
			runOnlyForDeploymentPostprocessing = 0;
		};
		18541CF1252AC1A10058A4D9 /* Resources */ = {
			isa = PBXResourcesBuildPhase;
			buildActionMask = 2147483647;
			files = (
			);
			runOnlyForDeploymentPostprocessing = 0;
		};
		18541CFC252AC1A10058A4D9 /* Resources */ = {
			isa = PBXResourcesBuildPhase;
			buildActionMask = 2147483647;
			files = (
			);
			runOnlyForDeploymentPostprocessing = 0;
		};
/* End PBXResourcesBuildPhase section */

/* Begin PBXSourcesBuildPhase section */
		18541CD9252AC19F0058A4D9 /* Sources */ = {
			isa = PBXSourcesBuildPhase;
			buildActionMask = 2147483647;
			files = (
				1888717B252EEA4100FDD77D /* ModalView.swift in Sources */,
				188F8619252C7002006660DB /* GenericResponse.swift in Sources */,
				188F861B252C7002006660DB /* GenericRequest.swift in Sources */,
				188F8620252C70B2006660DB /* Repository.swift in Sources */,
				18887167252EB6BC00FDD77D /* Authenticate.swift in Sources */,
				18541CE1252AC19F0058A4D9 /* AppDelegate.swift in Sources */,
				18541CE3252AC19F0058A4D9 /* SceneDelegate.swift in Sources */,
				188F8643252D9C32006660DB /* MemberDetailViewModel.swift in Sources */,
				188F863E252D75E9006660DB /* ApiManager.swift in Sources */,
				18541CE5252AC19F0058A4D9 /* ContentView.swift in Sources */,
				1852D2F9253048BF00F160EA /* FamilyList.swift in Sources */,
				18541D1E252AD4480058A4D9 /* MemberDetailView.swift in Sources */,
				188F864D252D9F70006660DB /* ApiError.swift in Sources */,
				18541D28252AD75B0058A4D9 /* CircleImage.swift in Sources */,
				18887175252EE4C700FDD77D /* DialogView.swift in Sources */,
				188F85B0252B21FF006660DB /* Constants.swift in Sources */,
				188F85FD252C528D006660DB /* Person.swift in Sources */,
				1852D2FF2530490100F160EA /* FamilyListViewModel.swift in Sources */,
				188F8612252C6E99006660DB /* ApiConfig.swift in Sources */,
				188F8655252E9AC6006660DB /* UnidirectionalDataFlowType.swift in Sources */,
				1852D2F425301CC600F160EA /* FamilyRow.swift in Sources */,
				188F8605252C539E006660DB /* BusinessUtils.swift in Sources */,
				188F85B8252C08FE006660DB /* SocialButton.swift in Sources */,
				188F861A252C7002006660DB /* ErrorResponse.swift in Sources */,
			);
			runOnlyForDeploymentPostprocessing = 0;
		};
		18541CEF252AC1A10058A4D9 /* Sources */ = {
			isa = PBXSourcesBuildPhase;
			buildActionMask = 2147483647;
			files = (
				18541CF8252AC1A10058A4D9 /* MySwiftUI_MVVMTests.swift in Sources */,
			);
			runOnlyForDeploymentPostprocessing = 0;
		};
		18541CFA252AC1A10058A4D9 /* Sources */ = {
			isa = PBXSourcesBuildPhase;
			buildActionMask = 2147483647;
			files = (
				18541D03252AC1A10058A4D9 /* MySwiftUI_MVVMUITests.swift in Sources */,
			);
			runOnlyForDeploymentPostprocessing = 0;
		};
/* End PBXSourcesBuildPhase section */

/* Begin PBXTargetDependency section */
		18541CF5252AC1A10058A4D9 /* PBXTargetDependency */ = {
			isa = PBXTargetDependency;
			target = 18541CDC252AC19F0058A4D9 /* MySwiftUI-MVVM */;
			targetProxy = 18541CF4252AC1A10058A4D9 /* PBXContainerItemProxy */;
		};
		18541D00252AC1A10058A4D9 /* PBXTargetDependency */ = {
			isa = PBXTargetDependency;
			target = 18541CDC252AC19F0058A4D9 /* MySwiftUI-MVVM */;
			targetProxy = 18541CFF252AC1A10058A4D9 /* PBXContainerItemProxy */;
		};
/* End PBXTargetDependency section */

/* Begin PBXVariantGroup section */
		18541CEB252AC1A00058A4D9 /* LaunchScreen.storyboard */ = {
			isa = PBXVariantGroup;
			children = (
				18541CEC252AC1A00058A4D9 /* Base */,
			);
			name = LaunchScreen.storyboard;
			sourceTree = "<group>";
		};
/* End PBXVariantGroup section */

/* Begin XCBuildConfiguration section */
		18541D05252AC1A10058A4D9 /* Debug */ = {
			isa = XCBuildConfiguration;
			baseConfigurationReference = 188F8626252C72E9006660DB /* DEV.debug.xcconfig */;
			buildSettings = {
				ALWAYS_SEARCH_USER_PATHS = NO;
				CLANG_ANALYZER_NONNULL = YES;
				CLANG_ANALYZER_NUMBER_OBJECT_CONVERSION = YES_AGGRESSIVE;
				CLANG_CXX_LANGUAGE_STANDARD = "gnu++14";
				CLANG_CXX_LIBRARY = "libc++";
				CLANG_ENABLE_MODULES = YES;
				CLANG_ENABLE_OBJC_ARC = YES;
				CLANG_ENABLE_OBJC_WEAK = YES;
				CLANG_WARN_BLOCK_CAPTURE_AUTORELEASING = YES;
				CLANG_WARN_BOOL_CONVERSION = YES;
				CLANG_WARN_COMMA = YES;
				CLANG_WARN_CONSTANT_CONVERSION = YES;
				CLANG_WARN_DEPRECATED_OBJC_IMPLEMENTATIONS = YES;
				CLANG_WARN_DIRECT_OBJC_ISA_USAGE = YES_ERROR;
				CLANG_WARN_DOCUMENTATION_COMMENTS = YES;
				CLANG_WARN_EMPTY_BODY = YES;
				CLANG_WARN_ENUM_CONVERSION = YES;
				CLANG_WARN_INFINITE_RECURSION = YES;
				CLANG_WARN_INT_CONVERSION = YES;
				CLANG_WARN_NON_LITERAL_NULL_CONVERSION = YES;
				CLANG_WARN_OBJC_IMPLICIT_RETAIN_SELF = YES;
				CLANG_WARN_OBJC_LITERAL_CONVERSION = YES;
				CLANG_WARN_OBJC_ROOT_CLASS = YES_ERROR;
				CLANG_WARN_QUOTED_INCLUDE_IN_FRAMEWORK_HEADER = YES;
				CLANG_WARN_RANGE_LOOP_ANALYSIS = YES;
				CLANG_WARN_STRICT_PROTOTYPES = YES;
				CLANG_WARN_SUSPICIOUS_MOVE = YES;
				CLANG_WARN_UNGUARDED_AVAILABILITY = YES_AGGRESSIVE;
				CLANG_WARN_UNREACHABLE_CODE = YES;
				CLANG_WARN__DUPLICATE_METHOD_MATCH = YES;
				COPY_PHASE_STRIP = NO;
				DEBUG_INFORMATION_FORMAT = dwarf;
				ENABLE_STRICT_OBJC_MSGSEND = YES;
				ENABLE_TESTABILITY = YES;
				GCC_C_LANGUAGE_STANDARD = gnu11;
				GCC_DYNAMIC_NO_PIC = NO;
				GCC_NO_COMMON_BLOCKS = YES;
				GCC_OPTIMIZATION_LEVEL = 0;
				GCC_PREPROCESSOR_DEFINITIONS = (
					"DEBUG=1",
					"$(inherited)",
				);
				GCC_WARN_64_TO_32_BIT_CONVERSION = YES;
				GCC_WARN_ABOUT_RETURN_TYPE = YES_ERROR;
				GCC_WARN_UNDECLARED_SELECTOR = YES;
				GCC_WARN_UNINITIALIZED_AUTOS = YES_AGGRESSIVE;
				GCC_WARN_UNUSED_FUNCTION = YES;
				GCC_WARN_UNUSED_VARIABLE = YES;
				IPHONEOS_DEPLOYMENT_TARGET = 14.0;
				MTL_ENABLE_DEBUG_INFO = INCLUDE_SOURCE;
				MTL_FAST_MATH = YES;
				ONLY_ACTIVE_ARCH = YES;
				SDKROOT = iphoneos;
				SWIFT_ACTIVE_COMPILATION_CONDITIONS = DEBUG;
				SWIFT_OPTIMIZATION_LEVEL = "-Onone";
			};
			name = Debug;
		};
		18541D06252AC1A10058A4D9 /* Release */ = {
			isa = XCBuildConfiguration;
			baseConfigurationReference = 188F8625252C72E9006660DB /* PROD.release.xcconfig */;
			buildSettings = {
				ALWAYS_SEARCH_USER_PATHS = NO;
				CLANG_ANALYZER_NONNULL = YES;
				CLANG_ANALYZER_NUMBER_OBJECT_CONVERSION = YES_AGGRESSIVE;
				CLANG_CXX_LANGUAGE_STANDARD = "gnu++14";
				CLANG_CXX_LIBRARY = "libc++";
				CLANG_ENABLE_MODULES = YES;
				CLANG_ENABLE_OBJC_ARC = YES;
				CLANG_ENABLE_OBJC_WEAK = YES;
				CLANG_WARN_BLOCK_CAPTURE_AUTORELEASING = YES;
				CLANG_WARN_BOOL_CONVERSION = YES;
				CLANG_WARN_COMMA = YES;
				CLANG_WARN_CONSTANT_CONVERSION = YES;
				CLANG_WARN_DEPRECATED_OBJC_IMPLEMENTATIONS = YES;
				CLANG_WARN_DIRECT_OBJC_ISA_USAGE = YES_ERROR;
				CLANG_WARN_DOCUMENTATION_COMMENTS = YES;
				CLANG_WARN_EMPTY_BODY = YES;
				CLANG_WARN_ENUM_CONVERSION = YES;
				CLANG_WARN_INFINITE_RECURSION = YES;
				CLANG_WARN_INT_CONVERSION = YES;
				CLANG_WARN_NON_LITERAL_NULL_CONVERSION = YES;
				CLANG_WARN_OBJC_IMPLICIT_RETAIN_SELF = YES;
				CLANG_WARN_OBJC_LITERAL_CONVERSION = YES;
				CLANG_WARN_OBJC_ROOT_CLASS = YES_ERROR;
				CLANG_WARN_QUOTED_INCLUDE_IN_FRAMEWORK_HEADER = YES;
				CLANG_WARN_RANGE_LOOP_ANALYSIS = YES;
				CLANG_WARN_STRICT_PROTOTYPES = YES;
				CLANG_WARN_SUSPICIOUS_MOVE = YES;
				CLANG_WARN_UNGUARDED_AVAILABILITY = YES_AGGRESSIVE;
				CLANG_WARN_UNREACHABLE_CODE = YES;
				CLANG_WARN__DUPLICATE_METHOD_MATCH = YES;
				COPY_PHASE_STRIP = NO;
				DEBUG_INFORMATION_FORMAT = "dwarf-with-dsym";
				ENABLE_NS_ASSERTIONS = NO;
				ENABLE_STRICT_OBJC_MSGSEND = YES;
				GCC_C_LANGUAGE_STANDARD = gnu11;
				GCC_NO_COMMON_BLOCKS = YES;
				GCC_WARN_64_TO_32_BIT_CONVERSION = YES;
				GCC_WARN_ABOUT_RETURN_TYPE = YES_ERROR;
				GCC_WARN_UNDECLARED_SELECTOR = YES;
				GCC_WARN_UNINITIALIZED_AUTOS = YES_AGGRESSIVE;
				GCC_WARN_UNUSED_FUNCTION = YES;
				GCC_WARN_UNUSED_VARIABLE = YES;
				IPHONEOS_DEPLOYMENT_TARGET = 14.0;
				MTL_ENABLE_DEBUG_INFO = NO;
				MTL_FAST_MATH = YES;
				SDKROOT = iphoneos;
				SWIFT_COMPILATION_MODE = wholemodule;
				SWIFT_OPTIMIZATION_LEVEL = "-O";
				VALIDATE_PRODUCT = YES;
			};
			name = Release;
		};
		18541D08252AC1A10058A4D9 /* Debug */ = {
			isa = XCBuildConfiguration;
			buildSettings = {
				ASSETCATALOG_COMPILER_APPICON_NAME = AppIcon;
				ASSETCATALOG_COMPILER_GLOBAL_ACCENT_COLOR_NAME = AccentColor;
				CODE_SIGN_STYLE = Automatic;
				DEVELOPMENT_ASSET_PATHS = "\"MySwiftUI-MVVM/Preview Content\"";
				ENABLE_PREVIEWS = YES;
				INFOPLIST_FILE = "MySwiftUI-MVVM/Info.plist";
				LD_RUNPATH_SEARCH_PATHS = (
					"$(inherited)",
					"@executable_path/Frameworks",
				);
				PRODUCT_BUNDLE_IDENTIFIER = "studio.eightyears.MySwiftUI-MVVM";
				PRODUCT_NAME = "$(TARGET_NAME)";
				SWIFT_VERSION = 5.0;
				TARGETED_DEVICE_FAMILY = "1,2";
			};
			name = Debug;
		};
		18541D09252AC1A10058A4D9 /* Release */ = {
			isa = XCBuildConfiguration;
			buildSettings = {
				ASSETCATALOG_COMPILER_APPICON_NAME = AppIcon;
				ASSETCATALOG_COMPILER_GLOBAL_ACCENT_COLOR_NAME = AccentColor;
				CODE_SIGN_STYLE = Automatic;
				DEVELOPMENT_ASSET_PATHS = "\"MySwiftUI-MVVM/Preview Content\"";
				ENABLE_PREVIEWS = YES;
				INFOPLIST_FILE = "MySwiftUI-MVVM/Info.plist";
				LD_RUNPATH_SEARCH_PATHS = (
					"$(inherited)",
					"@executable_path/Frameworks",
				);
				PRODUCT_BUNDLE_IDENTIFIER = "studio.eightyears.MySwiftUI-MVVM";
				PRODUCT_NAME = "$(TARGET_NAME)";
				SWIFT_VERSION = 5.0;
				TARGETED_DEVICE_FAMILY = "1,2";
			};
			name = Release;
		};
		18541D0B252AC1A10058A4D9 /* Debug */ = {
			isa = XCBuildConfiguration;
			buildSettings = {
				ALWAYS_EMBED_SWIFT_STANDARD_LIBRARIES = YES;
				BUNDLE_LOADER = "$(TEST_HOST)";
				CODE_SIGN_STYLE = Automatic;
				INFOPLIST_FILE = "MySwiftUI-MVVMTests/Info.plist";
				IPHONEOS_DEPLOYMENT_TARGET = 14.0;
				LD_RUNPATH_SEARCH_PATHS = (
					"$(inherited)",
					"@executable_path/Frameworks",
					"@loader_path/Frameworks",
				);
				PRODUCT_BUNDLE_IDENTIFIER = "studio.eightyears.MySwiftUI-MVVMTests";
				PRODUCT_NAME = "$(TARGET_NAME)";
				SWIFT_VERSION = 5.0;
				TARGETED_DEVICE_FAMILY = "1,2";
				TEST_HOST = "$(BUILT_PRODUCTS_DIR)/MySwiftUI-MVVM.app/MySwiftUI-MVVM";
			};
			name = Debug;
		};
		18541D0C252AC1A10058A4D9 /* Release */ = {
			isa = XCBuildConfiguration;
			buildSettings = {
				ALWAYS_EMBED_SWIFT_STANDARD_LIBRARIES = YES;
				BUNDLE_LOADER = "$(TEST_HOST)";
				CODE_SIGN_STYLE = Automatic;
				INFOPLIST_FILE = "MySwiftUI-MVVMTests/Info.plist";
				IPHONEOS_DEPLOYMENT_TARGET = 14.0;
				LD_RUNPATH_SEARCH_PATHS = (
					"$(inherited)",
					"@executable_path/Frameworks",
					"@loader_path/Frameworks",
				);
				PRODUCT_BUNDLE_IDENTIFIER = "studio.eightyears.MySwiftUI-MVVMTests";
				PRODUCT_NAME = "$(TARGET_NAME)";
				SWIFT_VERSION = 5.0;
				TARGETED_DEVICE_FAMILY = "1,2";
				TEST_HOST = "$(BUILT_PRODUCTS_DIR)/MySwiftUI-MVVM.app/MySwiftUI-MVVM";
			};
			name = Release;
		};
		18541D0E252AC1A10058A4D9 /* Debug */ = {
			isa = XCBuildConfiguration;
			buildSettings = {
				ALWAYS_EMBED_SWIFT_STANDARD_LIBRARIES = YES;
				CODE_SIGN_STYLE = Automatic;
				INFOPLIST_FILE = "MySwiftUI-MVVMUITests/Info.plist";
				LD_RUNPATH_SEARCH_PATHS = (
					"$(inherited)",
					"@executable_path/Frameworks",
					"@loader_path/Frameworks",
				);
				PRODUCT_BUNDLE_IDENTIFIER = "studio.eightyears.MySwiftUI-MVVMUITests";
				PRODUCT_NAME = "$(TARGET_NAME)";
				SWIFT_VERSION = 5.0;
				TARGETED_DEVICE_FAMILY = "1,2";
				TEST_TARGET_NAME = "MySwiftUI-MVVM";
			};
			name = Debug;
		};
		18541D0F252AC1A10058A4D9 /* Release */ = {
			isa = XCBuildConfiguration;
			buildSettings = {
				ALWAYS_EMBED_SWIFT_STANDARD_LIBRARIES = YES;
				CODE_SIGN_STYLE = Automatic;
				INFOPLIST_FILE = "MySwiftUI-MVVMUITests/Info.plist";
				LD_RUNPATH_SEARCH_PATHS = (
					"$(inherited)",
					"@executable_path/Frameworks",
					"@loader_path/Frameworks",
				);
				PRODUCT_BUNDLE_IDENTIFIER = "studio.eightyears.MySwiftUI-MVVMUITests";
				PRODUCT_NAME = "$(TARGET_NAME)";
				SWIFT_VERSION = 5.0;
				TARGETED_DEVICE_FAMILY = "1,2";
				TEST_TARGET_NAME = "MySwiftUI-MVVM";
			};
			name = Release;
		};
/* End XCBuildConfiguration section */

/* Begin XCConfigurationList section */
		18541CD8252AC19F0058A4D9 /* Build configuration list for PBXProject "MySwiftUI-MVVM" */ = {
			isa = XCConfigurationList;
			buildConfigurations = (
				18541D05252AC1A10058A4D9 /* Debug */,
				18541D06252AC1A10058A4D9 /* Release */,
			);
			defaultConfigurationIsVisible = 0;
			defaultConfigurationName = Release;
		};
		18541D07252AC1A10058A4D9 /* Build configuration list for PBXNativeTarget "MySwiftUI-MVVM" */ = {
			isa = XCConfigurationList;
			buildConfigurations = (
				18541D08252AC1A10058A4D9 /* Debug */,
				18541D09252AC1A10058A4D9 /* Release */,
			);
			defaultConfigurationIsVisible = 0;
			defaultConfigurationName = Release;
		};
		18541D0A252AC1A10058A4D9 /* Build configuration list for PBXNativeTarget "MySwiftUI-MVVMTests" */ = {
			isa = XCConfigurationList;
			buildConfigurations = (
				18541D0B252AC1A10058A4D9 /* Debug */,
				18541D0C252AC1A10058A4D9 /* Release */,
			);
			defaultConfigurationIsVisible = 0;
			defaultConfigurationName = Release;
		};
		18541D0D252AC1A10058A4D9 /* Build configuration list for PBXNativeTarget "MySwiftUI-MVVMUITests" */ = {
			isa = XCConfigurationList;
			buildConfigurations = (
				18541D0E252AC1A10058A4D9 /* Debug */,
				18541D0F252AC1A10058A4D9 /* Release */,
			);
			defaultConfigurationIsVisible = 0;
			defaultConfigurationName = Release;
		};
/* End XCConfigurationList section */

/* Begin XCRemoteSwiftPackageReference section */
		188F8609252C6937006660DB /* XCRemoteSwiftPackageReference "necromancer" */ = {
			isa = XCRemoteSwiftPackageReference;
			repositoryURL = "https://github.com/WisanuPljk19/necromancer";
			requirement = {
				kind = upToNextMajorVersion;
				minimumVersion = 2.0.1;
			};
		};
/* End XCRemoteSwiftPackageReference section */

/* Begin XCSwiftPackageProductDependency section */
		188F860A252C6937006660DB /* Necromancer */ = {
			isa = XCSwiftPackageProductDependency;
			package = 188F8609252C6937006660DB /* XCRemoteSwiftPackageReference "necromancer" */;
			productName = Necromancer;
		};
/* End XCSwiftPackageProductDependency section */
	};
	rootObject = 18541CD5252AC19F0058A4D9 /* Project object */;
}
